github.com/rizkyAlfikri/go-say-hello v1.0.0 h1:sajwzGFiH/KoeeoRFwaUmzn2vVcum0VjpW4LX9iulXs=
github.com/rizkyAlfikri/go-say-hello v1.0.0/go.mod h1:6WDdhzPiEzqdbfICaapxkBT7emLviz+g9poMqg8vl78=
github.com/rizkyAlfikri/go-say-hello v1.1.0 h1:6sui19/yp+KXXYMYBXqHdvj6GAQ4TZJXaCywslUWnpM=
github.com/rizkyAlfikri/go-say-hello v1.1.0/go.mod h1:6WDdhzPiEzqdbfICaapxkBT7emLviz+g9poMqg8vl78=
github.com/rizkyAlfikri/go-say-hello/v2 v2.0.0 h1:KTeXm4A/lhD4t7jg4eMQr9cOBIguXpOCmxyd40oneCw=
github.com/rizkyAlfikri/go-say-hello/v2 v2.0.0/go.mod h1:UxotAKicHh1SO5SpARcnoovCKmGURKvVqd/MQk+uDJ0=
